
Microsoft Visual Studio Solution File, Format Version 12.00
# Visual Studio Version 16
VisualStudioVersion = 16.0.31005.135
MinimumVisualStudioVersion = 10.0.40219.1
Project("{FAE04EC0-301F-11D3-BF4B-00C04F79EFBC}") = "WebAPi", "WebAPi\WebAPi.csproj", "{16341355-4BCF-41EF-8CC6-0F4DC9595E04}"
EndProject
Global
	GlobalSection(SolutionConfigurationPlatforms) = preSolution
		Debug|Any CPU = Debug|Any CPU
		Release|Any CPU = Release|Any CPU
	EndGlobalSection
	GlobalSection(ProjectConfigurationPlatforms) = postSolution
		{16341355-4BCF-41EF-8CC6-0F4DC9595E04}.Debug|Any CPU.ActiveCfg = Debug|Any CPU
		{16341355-4BCF-41EF-8CC6-0F4DC9595E04}.Debug|Any CPU.Build.0 = Debug|Any CPU
		{16341355-4BCF-41EF-8CC6-0F4DC9595E04}.Release|Any CPU.ActiveCfg = Release|Any CPU
		{16341355-4BCF-41EF-8CC6-0F4DC9595E04}.Release|Any CPU.Build.0 = Release|Any CPU
	EndGlobalSection
	GlobalSection(SolutionProperties) = preSolution
		HideSolutionNode = FALSE
	EndGlobalSection
	GlobalSection(ExtensibilityGlobals) = postSolution
		SolutionGuid = {2E1F4773-1AC7-445F-B61A-73E734DBC7DA}
	EndGlobalSection
EndGlobal
